
Microsoft Visual Studio Solution File, Format Version 12.00
# Visual Studio 15
VisualStudioVersion = 15.0.28307.168
MinimumVisualStudioVersion = 10.0.40219.1
Project("{FAE04EC0-301F-11D3-BF4B-00C04F79EFBC}") = "730385", "730385\730385.csproj", "{3640BD36-097D-4BE9-9849-0211E0F91EDB}"
EndProject
Global
	GlobalSection(SolutionConfigurationPlatforms) = preSolution
		Debug|Any CPU = Debug|Any CPU
		Release|Any CPU = Release|Any CPU
	EndGlobalSection
	GlobalSection(ProjectConfigurationPlatforms) = postSolution
		{3640BD36-097D-4BE9-9849-0211E0F91EDB}.Debug|Any CPU.ActiveCfg = Debug|Any CPU
		{3640BD36-097D-4BE9-9849-0211E0F91EDB}.Debug|Any CPU.Build.0 = Debug|Any CPU
		{3640BD36-097D-4BE9-9849-0211E0F91EDB}.Release|Any CPU.ActiveCfg = Release|Any CPU
		{3640BD36-097D-4BE9-9849-0211E0F91EDB}.Release|Any CPU.Build.0 = Release|Any CPU
	EndGlobalSection
	GlobalSection(SolutionProperties) = preSolution
		HideSolutionNode = FALSE
	EndGlobalSection
	GlobalSection(ExtensibilityGlobals) = postSolution
		SolutionGuid = {3753A743-C8BE-4119-AE73-1EB840434D01}
	EndGlobalSection
EndGlobal
